// !$*UTF8*$!
{
	archiveVersion = 1;
	classes = {
	};
	objectVersion = 56;
	objects = {

/* Begin PBXBuildFile section */
		0660B0B92BDA0DA80088E671 /* BrevisApp.swift in Sources */ = {isa = PBXBuildFile; fileRef = 0660B0B82BDA0DA80088E671 /* BrevisApp.swift */; };
		0660B0BB2BDA0DA80088E671 /* ContentView.swift in Sources */ = {isa = PBXBuildFile; fileRef = 0660B0BA2BDA0DA80088E671 /* ContentView.swift */; };
		0660B0BD2BDA0DA90088E671 /* Assets.xcassets in Resources */ = {isa = PBXBuildFile; fileRef = 0660B0BC2BDA0DA90088E671 /* Assets.xcassets */; };
		0660B0C02BDA0DA90088E671 /* Preview Assets.xcassets in Resources */ = {isa = PBXBuildFile; fileRef = 0660B0BF2BDA0DA90088E671 /* Preview Assets.xcassets */; };
		0660B0CB2BDA0E390088E671 /* HotKeyModel.swift in Sources */ = {isa = PBXBuildFile; fileRef = 0660B0CA2BDA0E390088E671 /* HotKeyModel.swift */; };
		0660B0CD2BDA0F5F0088E671 /* Modifier.swift in Sources */ = {isa = PBXBuildFile; fileRef = 0660B0CC2BDA0F5F0088E671 /* Modifier.swift */; };
		0660B0CF2BDA11940088E671 /* HotKeyCategoryModel.swift in Sources */ = {isa = PBXBuildFile; fileRef = 0660B0CE2BDA11940088E671 /* HotKeyCategoryModel.swift */; };
		0660B0D12BDA120F0088E671 /* HotKeyCategoryViewModel.swift in Sources */ = {isa = PBXBuildFile; fileRef = 0660B0D02BDA120F0088E671 /* HotKeyCategoryViewModel.swift */; };
		0660B0D32BDB238C0088E671 /* MainHotKeysView.swift in Sources */ = {isa = PBXBuildFile; fileRef = 0660B0D22BDB238C0088E671 /* MainHotKeysView.swift */; };
		0660B0D52BDB25E20088E671 /* HotKeySectionView.swift in Sources */ = {isa = PBXBuildFile; fileRef = 0660B0D42BDB25E20088E671 /* HotKeySectionView.swift */; };
		0660B0D72BDB2A490088E671 /* HotKeyRow.swift in Sources */ = {isa = PBXBuildFile; fileRef = 0660B0D62BDB2A490088E671 /* HotKeyRow.swift */; };
		06D18B802BE2A113003051D1 /* KeySymbolView.swift in Sources */ = {isa = PBXBuildFile; fileRef = 06D18B7F2BE2A113003051D1 /* KeySymbolView.swift */; };
		06D18B822BE2AE8D003051D1 /* Theme.swift in Sources */ = {isa = PBXBuildFile; fileRef = 06D18B812BE2AE8D003051D1 /* Theme.swift */; };
/* End PBXBuildFile section */

/* Begin PBXFileReference section */
		0660B0B52BDA0DA80088E671 /* Brevis.app */ = {isa = PBXFileReference; explicitFileType = wrapper.application; includeInIndex = 0; path = Brevis.app; sourceTree = BUILT_PRODUCTS_DIR; };
		0660B0B82BDA0DA80088E671 /* BrevisApp.swift */ = {isa = PBXFileReference; lastKnownFileType = sourcecode.swift; path = BrevisApp.swift; sourceTree = "<group>"; };
		0660B0BA2BDA0DA80088E671 /* ContentView.swift */ = {isa = PBXFileReference; lastKnownFileType = sourcecode.swift; path = ContentView.swift; sourceTree = "<group>"; };
		0660B0BC2BDA0DA90088E671 /* Assets.xcassets */ = {isa = PBXFileReference; lastKnownFileType = folder.assetcatalog; path = Assets.xcassets; sourceTree = "<group>"; };
		0660B0BF2BDA0DA90088E671 /* Preview Assets.xcassets */ = {isa = PBXFileReference; lastKnownFileType = folder.assetcatalog; path = "Preview Assets.xcassets"; sourceTree = "<group>"; };
		0660B0CA2BDA0E390088E671 /* HotKeyModel.swift */ = {isa = PBXFileReference; lastKnownFileType = sourcecode.swift; path = HotKeyModel.swift; sourceTree = "<group>"; };
		0660B0CC2BDA0F5F0088E671 /* Modifier.swift */ = {isa = PBXFileReference; lastKnownFileType = sourcecode.swift; path = Modifier.swift; sourceTree = "<group>"; };
		0660B0CE2BDA11940088E671 /* HotKeyCategoryModel.swift */ = {isa = PBXFileReference; lastKnownFileType = sourcecode.swift; path = HotKeyCategoryModel.swift; sourceTree = "<group>"; };
		0660B0D02BDA120F0088E671 /* HotKeyCategoryViewModel.swift */ = {isa = PBXFileReference; lastKnownFileType = sourcecode.swift; path = HotKeyCategoryViewModel.swift; sourceTree = "<group>"; };
		0660B0D22BDB238C0088E671 /* MainHotKeysView.swift */ = {isa = PBXFileReference; lastKnownFileType = sourcecode.swift; path = MainHotKeysView.swift; sourceTree = "<group>"; };
		0660B0D42BDB25E20088E671 /* HotKeySectionView.swift */ = {isa = PBXFileReference; lastKnownFileType = sourcecode.swift; path = HotKeySectionView.swift; sourceTree = "<group>"; };
		0660B0D62BDB2A490088E671 /* HotKeyRow.swift */ = {isa = PBXFileReference; lastKnownFileType = sourcecode.swift; path = HotKeyRow.swift; sourceTree = "<group>"; };
		06D18B7F2BE2A113003051D1 /* KeySymbolView.swift */ = {isa = PBXFileReference; lastKnownFileType = sourcecode.swift; path = KeySymbolView.swift; sourceTree = "<group>"; };
		06D18B812BE2AE8D003051D1 /* Theme.swift */ = {isa = PBXFileReference; lastKnownFileType = sourcecode.swift; path = Theme.swift; sourceTree = "<group>"; };
/* End PBXFileReference section */

/* Begin PBXFrameworksBuildPhase section */
		0660B0B22BDA0DA80088E671 /* Frameworks */ = {
			isa = PBXFrameworksBuildPhase;
			buildActionMask = 2147483647;
			files = (
			);
			runOnlyForDeploymentPostprocessing = 0;
		};
/* End PBXFrameworksBuildPhase section */

/* Begin PBXGroup section */
		0660B0AC2BDA0DA80088E671 = {
			isa = PBXGroup;
			children = (
				0660B0B72BDA0DA80088E671 /* Brevis */,
				0660B0B62BDA0DA80088E671 /* Products */,
			);
			sourceTree = "<group>";
		};
		0660B0B62BDA0DA80088E671 /* Products */ = {
			isa = PBXGroup;
			children = (
				0660B0B52BDA0DA80088E671 /* Brevis.app */,
			);
			name = Products;
			sourceTree = "<group>";
		};
		0660B0B72BDA0DA80088E671 /* Brevis */ = {
			isa = PBXGroup;
			children = (
				0660B0C92BDA0E230088E671 /* Settings */,
				0660B0C82BDA0E190088E671 /* View */,
				0660B0C72BDA0E110088E671 /* ViewModel */,
				0660B0C62BDA0DF20088E671 /* Model */,
				0660B0B82BDA0DA80088E671 /* BrevisApp.swift */,
				0660B0BA2BDA0DA80088E671 /* ContentView.swift */,
				0660B0BC2BDA0DA90088E671 /* Assets.xcassets */,
				0660B0BE2BDA0DA90088E671 /* Preview Content */,
				06D18B812BE2AE8D003051D1 /* Theme.swift */,
			);
			path = Brevis;
			sourceTree = "<group>";
		};
		0660B0BE2BDA0DA90088E671 /* Preview Content */ = {
			isa = PBXGroup;
			children = (
				0660B0BF2BDA0DA90088E671 /* Preview Assets.xcassets */,
			);
			path = "Preview Content";
			sourceTree = "<group>";
		};
		0660B0C62BDA0DF20088E671 /* Model */ = {
			isa = PBXGroup;
			children = (
				0660B0CA2BDA0E390088E671 /* HotKeyModel.swift */,
				0660B0CC2BDA0F5F0088E671 /* Modifier.swift */,
				0660B0CE2BDA11940088E671 /* HotKeyCategoryModel.swift */,
			);
			path = Model;
			sourceTree = "<group>";
		};
		0660B0C72BDA0E110088E671 /* ViewModel */ = {
			isa = PBXGroup;
			children = (
				0660B0D02BDA120F0088E671 /* HotKeyCategoryViewModel.swift */,
			);
			path = ViewModel;
			sourceTree = "<group>";
		};
		0660B0C82BDA0E190088E671 /* View */ = {
			isa = PBXGroup;
			children = (
				0660B0D22BDB238C0088E671 /* MainHotKeysView.swift */,
				0660B0D42BDB25E20088E671 /* HotKeySectionView.swift */,
				0660B0D62BDB2A490088E671 /* HotKeyRow.swift */,
				06D18B7F2BE2A113003051D1 /* KeySymbolView.swift */,
			);
			path = View;
			sourceTree = "<group>";
		};
		0660B0C92BDA0E230088E671 /* Settings */ = {
			isa = PBXGroup;
			children = (
			);
			path = Settings;
			sourceTree = "<group>";
		};
/* End PBXGroup section */

/* Begin PBXNativeTarget section */
		0660B0B42BDA0DA80088E671 /* Brevis */ = {
			isa = PBXNativeTarget;
			buildConfigurationList = 0660B0C32BDA0DA90088E671 /* Build configuration list for PBXNativeTarget "Brevis" */;
			buildPhases = (
				0660B0B12BDA0DA80088E671 /* Sources */,
				0660B0B22BDA0DA80088E671 /* Frameworks */,
				0660B0B32BDA0DA80088E671 /* Resources */,
			);
			buildRules = (
			);
			dependencies = (
			);
			name = Brevis;
			productName = Brevis;
			productReference = 0660B0B52BDA0DA80088E671 /* Brevis.app */;
			productType = "com.apple.product-type.application";
		};
/* End PBXNativeTarget section */

/* Begin PBXProject section */
		0660B0AD2BDA0DA80088E671 /* Project object */ = {
			isa = PBXProject;
			attributes = {
				BuildIndependentTargetsInParallel = 1;
				LastSwiftUpdateCheck = 1520;
				LastUpgradeCheck = 1520;
				TargetAttributes = {
					0660B0B42BDA0DA80088E671 = {
						CreatedOnToolsVersion = 15.2;
					};
				};
			};
			buildConfigurationList = 0660B0B02BDA0DA80088E671 /* Build configuration list for PBXProject "Brevis" */;
			compatibilityVersion = "Xcode 14.0";
			developmentRegion = en;
			hasScannedForEncodings = 0;
			knownRegions = (
				en,
				Base,
			);
			mainGroup = 0660B0AC2BDA0DA80088E671;
			productRefGroup = 0660B0B62BDA0DA80088E671 /* Products */;
			projectDirPath = "";
			projectRoot = "";
			targets = (
				0660B0B42BDA0DA80088E671 /* Brevis */,
			);
		};
/* End PBXProject section */

/* Begin PBXResourcesBuildPhase section */
		0660B0B32BDA0DA80088E671 /* Resources */ = {
			isa = PBXResourcesBuildPhase;
			buildActionMask = 2147483647;
			files = (
				0660B0C02BDA0DA90088E671 /* Preview Assets.xcassets in Resources */,
				0660B0BD2BDA0DA90088E671 /* Assets.xcassets in Resources */,
			);
			runOnlyForDeploymentPostprocessing = 0;
		};
/* End PBXResourcesBuildPhase section */

/* Begin PBXSourcesBuildPhase section */
		0660B0B12BDA0DA80088E671 /* Sources */ = {
			isa = PBXSourcesBuildPhase;
			buildActionMask = 2147483647;
			files = (
				0660B0CD2BDA0F5F0088E671 /* Modifier.swift in Sources */,
				0660B0BB2BDA0DA80088E671 /* ContentView.swift in Sources */,
				0660B0B92BDA0DA80088E671 /* BrevisApp.swift in Sources */,
				0660B0D32BDB238C0088E671 /* MainHotKeysView.swift in Sources */,
				06D18B822BE2AE8D003051D1 /* Theme.swift in Sources */,
				0660B0CF2BDA11940088E671 /* HotKeyCategoryModel.swift in Sources */,
				0660B0D12BDA120F0088E671 /* HotKeyCategoryViewModel.swift in Sources */,
				0660B0D52BDB25E20088E671 /* HotKeySectionView.swift in Sources */,
				0660B0D72BDB2A490088E671 /* HotKeyRow.swift in Sources */,
				06D18B802BE2A113003051D1 /* KeySymbolView.swift in Sources */,
				0660B0CB2BDA0E390088E671 /* HotKeyModel.swift in Sources */,
			);
			runOnlyForDeploymentPostprocessing = 0;
		};
/* End PBXSourcesBuildPhase section */

/* Begin XCBuildConfiguration section */
		0660B0C12BDA0DA90088E671 /* Debug */ = {
			isa = XCBuildConfiguration;
			buildSettings = {
				ALWAYS_SEARCH_USER_PATHS = NO;
				ASSETCATALOG_COMPILER_GENERATE_SWIFT_ASSET_SYMBOL_EXTENSIONS = YES;
				CLANG_ANALYZER_NONNULL = YES;
				CLANG_ANALYZER_NUMBER_OBJECT_CONVERSION = YES_AGGRESSIVE;
				CLANG_CXX_LANGUAGE_STANDARD = "gnu++20";
				CLANG_ENABLE_MODULES = YES;
				CLANG_ENABLE_OBJC_ARC = YES;
				CLANG_ENABLE_OBJC_WEAK = YES;
				CLANG_WARN_BLOCK_CAPTURE_AUTORELEASING = YES;
				CLANG_WARN_BOOL_CONVERSION = YES;
				CLANG_WARN_COMMA = YES;
				CLANG_WARN_CONSTANT_CONVERSION = YES;
				CLANG_WARN_DEPRECATED_OBJC_IMPLEMENTATIONS = YES;
				CLANG_WARN_DIRECT_OBJC_ISA_USAGE = YES_ERROR;
				CLANG_WARN_DOCUMENTATION_COMMENTS = YES;
				CLANG_WARN_EMPTY_BODY = YES;
				CLANG_WARN_ENUM_CONVERSION = YES;
				CLANG_WARN_INFINITE_RECURSION = YES;
				CLANG_WARN_INT_CONVERSION = YES;
				CLANG_WARN_NON_LITERAL_NULL_CONVERSION = YES;
				CLANG_WARN_OBJC_IMPLICIT_RETAIN_SELF = YES;
				CLANG_WARN_OBJC_LITERAL_CONVERSION = YES;
				CLANG_WARN_OBJC_ROOT_CLASS = YES_ERROR;
				CLANG_WARN_QUOTED_INCLUDE_IN_FRAMEWORK_HEADER = YES;
				CLANG_WARN_RANGE_LOOP_ANALYSIS = YES;
				CLANG_WARN_STRICT_PROTOTYPES = YES;
				CLANG_WARN_SUSPICIOUS_MOVE = YES;
				CLANG_WARN_UNGUARDED_AVAILABILITY = YES_AGGRESSIVE;
				CLANG_WARN_UNREACHABLE_CODE = YES;
				CLANG_WARN__DUPLICATE_METHOD_MATCH = YES;
				COPY_PHASE_STRIP = NO;
				DEBUG_INFORMATION_FORMAT = dwarf;
				ENABLE_STRICT_OBJC_MSGSEND = YES;
				ENABLE_TESTABILITY = YES;
				ENABLE_USER_SCRIPT_SANDBOXING = YES;
				GCC_C_LANGUAGE_STANDARD = gnu17;
				GCC_DYNAMIC_NO_PIC = NO;
				GCC_NO_COMMON_BLOCKS = YES;
				GCC_OPTIMIZATION_LEVEL = 0;
				GCC_PREPROCESSOR_DEFINITIONS = (
					"DEBUG=1",
					"$(inherited)",
				);
				GCC_WARN_64_TO_32_BIT_CONVERSION = YES;
				GCC_WARN_ABOUT_RETURN_TYPE = YES_ERROR;
				GCC_WARN_UNDECLARED_SELECTOR = YES;
				GCC_WARN_UNINITIALIZED_AUTOS = YES_AGGRESSIVE;
				GCC_WARN_UNUSED_FUNCTION = YES;
				GCC_WARN_UNUSED_VARIABLE = YES;
				IPHONEOS_DEPLOYMENT_TARGET = 17.2;
				LOCALIZATION_PREFERS_STRING_CATALOGS = YES;
				MTL_ENABLE_DEBUG_INFO = INCLUDE_SOURCE;
				MTL_FAST_MATH = YES;
				ONLY_ACTIVE_ARCH = YES;
				SDKROOT = iphoneos;
				SWIFT_ACTIVE_COMPILATION_CONDITIONS = "DEBUG $(inherited)";
				SWIFT_OPTIMIZATION_LEVEL = "-Onone";
			};
			name = Debug;
		};
		0660B0C22BDA0DA90088E671 /* Release */ = {
			isa = XCBuildConfiguration;
			buildSettings = {
				ALWAYS_SEARCH_USER_PATHS = NO;
				ASSETCATALOG_COMPILER_GENERATE_SWIFT_ASSET_SYMBOL_EXTENSIONS = YES;
				CLANG_ANALYZER_NONNULL = YES;
				CLANG_ANALYZER_NUMBER_OBJECT_CONVERSION = YES_AGGRESSIVE;
				CLANG_CXX_LANGUAGE_STANDARD = "gnu++20";
				CLANG_ENABLE_MODULES = YES;
				CLANG_ENABLE_OBJC_ARC = YES;
				CLANG_ENABLE_OBJC_WEAK = YES;
				CLANG_WARN_BLOCK_CAPTURE_AUTORELEASING = YES;
				CLANG_WARN_BOOL_CONVERSION = YES;
				CLANG_WARN_COMMA = YES;
				CLANG_WARN_CONSTANT_CONVERSION = YES;
				CLANG_WARN_DEPRECATED_OBJC_IMPLEMENTATIONS = YES;
				CLANG_WARN_DIRECT_OBJC_ISA_USAGE = YES_ERROR;
				CLANG_WARN_DOCUMENTATION_COMMENTS = YES;
				CLANG_WARN_EMPTY_BODY = YES;
				CLANG_WARN_ENUM_CONVERSION = YES;
				CLANG_WARN_INFINITE_RECURSION = YES;
				CLANG_WARN_INT_CONVERSION = YES;
				CLANG_WARN_NON_LITERAL_NULL_CONVERSION = YES;
				CLANG_WARN_OBJC_IMPLICIT_RETAIN_SELF = YES;
				CLANG_WARN_OBJC_LITERAL_CONVERSION = YES;
				CLANG_WARN_OBJC_ROOT_CLASS = YES_ERROR;
				CLANG_WARN_QUOTED_INCLUDE_IN_FRAMEWORK_HEADER = YES;
				CLANG_WARN_RANGE_LOOP_ANALYSIS = YES;
				CLANG_WARN_STRICT_PROTOTYPES = YES;
				CLANG_WARN_SUSPICIOUS_MOVE = YES;
				CLANG_WARN_UNGUARDED_AVAILABILITY = YES_AGGRESSIVE;
				CLANG_WARN_UNREACHABLE_CODE = YES;
				CLANG_WARN__DUPLICATE_METHOD_MATCH = YES;
				COPY_PHASE_STRIP = NO;
				DEBUG_INFORMATION_FORMAT = "dwarf-with-dsym";
				ENABLE_NS_ASSERTIONS = NO;
				ENABLE_STRICT_OBJC_MSGSEND = YES;
				ENABLE_USER_SCRIPT_SANDBOXING = YES;
				GCC_C_LANGUAGE_STANDARD = gnu17;
				GCC_NO_COMMON_BLOCKS = YES;
				GCC_WARN_64_TO_32_BIT_CONVERSION = YES;
				GCC_WARN_ABOUT_RETURN_TYPE = YES_ERROR;
				GCC_WARN_UNDECLARED_SELECTOR = YES;
				GCC_WARN_UNINITIALIZED_AUTOS = YES_AGGRESSIVE;
				GCC_WARN_UNUSED_FUNCTION = YES;
				GCC_WARN_UNUSED_VARIABLE = YES;
				IPHONEOS_DEPLOYMENT_TARGET = 17.2;
				LOCALIZATION_PREFERS_STRING_CATALOGS = YES;
				MTL_ENABLE_DEBUG_INFO = NO;
				MTL_FAST_MATH = YES;
				SDKROOT = iphoneos;
				SWIFT_COMPILATION_MODE = wholemodule;
				VALIDATE_PRODUCT = YES;
			};
			name = Release;
		};
		0660B0C42BDA0DA90088E671 /* Debug */ = {
			isa = XCBuildConfiguration;
			buildSettings = {
				ASSETCATALOG_COMPILER_APPICON_NAME = AppIcon;
				ASSETCATALOG_COMPILER_GLOBAL_ACCENT_COLOR_NAME = AccentColor;
				CODE_SIGN_STYLE = Automatic;
				CURRENT_PROJECT_VERSION = 1;
				DEVELOPMENT_ASSET_PATHS = "\"Brevis/Preview Content\"";
				ENABLE_PREVIEWS = YES;
				GENERATE_INFOPLIST_FILE = YES;
				INFOPLIST_KEY_UIApplicationSceneManifest_Generation = YES;
				INFOPLIST_KEY_UIApplicationSupportsIndirectInputEvents = YES;
				INFOPLIST_KEY_UILaunchScreen_Generation = YES;
				INFOPLIST_KEY_UISupportedInterfaceOrientations_iPad = "UIInterfaceOrientationPortrait UIInterfaceOrientationPortraitUpsideDown UIInterfaceOrientationLandscapeLeft UIInterfaceOrientationLandscapeRight";
				INFOPLIST_KEY_UISupportedInterfaceOrientations_iPhone = "UIInterfaceOrientationPortrait UIInterfaceOrientationLandscapeLeft UIInterfaceOrientationLandscapeRight";
				LD_RUNPATH_SEARCH_PATHS = (
					"$(inherited)",
					"@executable_path/Frameworks",
				);
				MARKETING_VERSION = 1.0;
				PRODUCT_BUNDLE_IDENTIFIER = Denisse.Brevis;
				PRODUCT_NAME = "$(TARGET_NAME)";
				SWIFT_EMIT_LOC_STRINGS = YES;
				SWIFT_VERSION = 5.0;
				TARGETED_DEVICE_FAMILY = "1,2";
			};
			name = Debug;
		};
		0660B0C52BDA0DA90088E671 /* Release */ = {
			isa = XCBuildConfiguration;
			buildSettings = {
				ASSETCATALOG_COMPILER_APPICON_NAME = AppIcon;
				ASSETCATALOG_COMPILER_GLOBAL_ACCENT_COLOR_NAME = AccentColor;
				CODE_SIGN_STYLE = Automatic;
				CURRENT_PROJECT_VERSION = 1;
				DEVELOPMENT_ASSET_PATHS = "\"Brevis/Preview Content\"";
				ENABLE_PREVIEWS = YES;
				GENERATE_INFOPLIST_FILE = YES;
				INFOPLIST_KEY_UIApplicationSceneManifest_Generation = YES;
				INFOPLIST_KEY_UIApplicationSupportsIndirectInputEvents = YES;
				INFOPLIST_KEY_UILaunchScreen_Generation = YES;
				INFOPLIST_KEY_UISupportedInterfaceOrientations_iPad = "UIInterfaceOrientationPortrait UIInterfaceOrientationPortraitUpsideDown UIInterfaceOrientationLandscapeLeft UIInterfaceOrientationLandscapeRight";
				INFOPLIST_KEY_UISupportedInterfaceOrientations_iPhone = "UIInterfaceOrientationPortrait UIInterfaceOrientationLandscapeLeft UIInterfaceOrientationLandscapeRight";
				LD_RUNPATH_SEARCH_PATHS = (
					"$(inherited)",
					"@executable_path/Frameworks",
				);
				MARKETING_VERSION = 1.0;
				PRODUCT_BUNDLE_IDENTIFIER = Denisse.Brevis;
				PRODUCT_NAME = "$(TARGET_NAME)";
				SWIFT_EMIT_LOC_STRINGS = YES;
				SWIFT_VERSION = 5.0;
				TARGETED_DEVICE_FAMILY = "1,2";
			};
			name = Release;
		};
/* End XCBuildConfiguration section */

/* Begin XCConfigurationList section */
		0660B0B02BDA0DA80088E671 /* Build configuration list for PBXProject "Brevis" */ = {
			isa = XCConfigurationList;
			buildConfigurations = (
				0660B0C12BDA0DA90088E671 /* Debug */,
				0660B0C22BDA0DA90088E671 /* Release */,
			);
			defaultConfigurationIsVisible = 0;
			defaultConfigurationName = Release;
		};
		0660B0C32BDA0DA90088E671 /* Build configuration list for PBXNativeTarget "Brevis" */ = {
			isa = XCConfigurationList;
			buildConfigurations = (
				0660B0C42BDA0DA90088E671 /* Debug */,
				0660B0C52BDA0DA90088E671 /* Release */,
			);
			defaultConfigurationIsVisible = 0;
			defaultConfigurationName = Release;
		};
/* End XCConfigurationList section */
	};
	rootObject = 0660B0AD2BDA0DA80088E671 /* Project object */;
}
